
Microsoft Visual Studio Solution File, Format Version 12.00
# Visual Studio Version 16
VisualStudioVersion = 16.0.31105.61
MinimumVisualStudioVersion = 10.0.40219.1
Project("{FAE04EC0-301F-11D3-BF4B-00C04F79EFBC}") = "WpfApp1", "WpfApp1\WpfApp1.csproj", "{8B8AE31E-E19F-46B3-A2FE-C3D4A7C822EF}"
EndProject
Global
	GlobalSection(SolutionConfigurationPlatforms) = preSolution
		Debug|Any CPU = Debug|Any CPU
		Release|Any CPU = Release|Any CPU
	EndGlobalSection
	GlobalSection(ProjectConfigurationPlatforms) = postSolution
		{8B8AE31E-E19F-46B3-A2FE-C3D4A7C822EF}.Debug|Any CPU.ActiveCfg = Debug|Any CPU
		{8B8AE31E-E19F-46B3-A2FE-C3D4A7C822EF}.Debug|Any CPU.Build.0 = Debug|Any CPU
		{8B8AE31E-E19F-46B3-A2FE-C3D4A7C822EF}.Release|Any CPU.ActiveCfg = Release|Any CPU
		{8B8AE31E-E19F-46B3-A2FE-C3D4A7C822EF}.Release|Any CPU.Build.0 = Release|Any CPU
	EndGlobalSection
	GlobalSection(SolutionProperties) = preSolution
		HideSolutionNode = FALSE
	EndGlobalSection
	GlobalSection(ExtensibilityGlobals) = postSolution
		SolutionGuid = {E967524A-F7FC-4738-9CB9-F540514196C5}
	EndGlobalSection
EndGlobal
