
Microsoft Visual Studio Solution File, Format Version 12.00
# Visual Studio Version 16
VisualStudioVersion = 16.0.31105.61
MinimumVisualStudioVersion = 10.0.40219.1
Project("{FAE04EC0-301F-11D3-BF4B-00C04F79EFBC}") = "BackgroundWorker", "BackgroundWorker\BackgroundWorker.csproj", "{A693B0D9-72DF-4A8B-9CF7-33F12EA79708}"
EndProject
Global
	GlobalSection(SolutionConfigurationPlatforms) = preSolution
		Debug|Any CPU = Debug|Any CPU
		Release|Any CPU = Release|Any CPU
	EndGlobalSection
	GlobalSection(ProjectConfigurationPlatforms) = postSolution
		{A693B0D9-72DF-4A8B-9CF7-33F12EA79708}.Debug|Any CPU.ActiveCfg = Debug|Any CPU
		{A693B0D9-72DF-4A8B-9CF7-33F12EA79708}.Debug|Any CPU.Build.0 = Debug|Any CPU
		{A693B0D9-72DF-4A8B-9CF7-33F12EA79708}.Release|Any CPU.ActiveCfg = Release|Any CPU
		{A693B0D9-72DF-4A8B-9CF7-33F12EA79708}.Release|Any CPU.Build.0 = Release|Any CPU
	EndGlobalSection
	GlobalSection(SolutionProperties) = preSolution
		HideSolutionNode = FALSE
	EndGlobalSection
	GlobalSection(ExtensibilityGlobals) = postSolution
		SolutionGuid = {2078CE29-FB5A-44D9-B2E0-FA6F168EB7E7}
	EndGlobalSection
EndGlobal
