
Microsoft Visual Studio Solution File, Format Version 12.00
# Visual Studio Version 16
VisualStudioVersion = 16.0.31105.61
MinimumVisualStudioVersion = 10.0.40219.1
Project("{FAE04EC0-301F-11D3-BF4B-00C04F79EFBC}") = "WpfRoutedEvent_2", "WpfRoutedEvent_2\WpfRoutedEvent_2.csproj", "{EF88DFF7-AC66-485A-A75A-136D0B98B2D0}"
EndProject
Global
	GlobalSection(SolutionConfigurationPlatforms) = preSolution
		Debug|Any CPU = Debug|Any CPU
		Release|Any CPU = Release|Any CPU
	EndGlobalSection
	GlobalSection(ProjectConfigurationPlatforms) = postSolution
		{EF88DFF7-AC66-485A-A75A-136D0B98B2D0}.Debug|Any CPU.ActiveCfg = Debug|Any CPU
		{EF88DFF7-AC66-485A-A75A-136D0B98B2D0}.Debug|Any CPU.Build.0 = Debug|Any CPU
		{EF88DFF7-AC66-485A-A75A-136D0B98B2D0}.Release|Any CPU.ActiveCfg = Release|Any CPU
		{EF88DFF7-AC66-485A-A75A-136D0B98B2D0}.Release|Any CPU.Build.0 = Release|Any CPU
	EndGlobalSection
	GlobalSection(SolutionProperties) = preSolution
		HideSolutionNode = FALSE
	EndGlobalSection
	GlobalSection(ExtensibilityGlobals) = postSolution
		SolutionGuid = {974CFD91-D64B-4755-9CD1-F25176CA9E4E}
	EndGlobalSection
EndGlobal
