
Microsoft Visual Studio Solution File, Format Version 12.00
# Visual Studio Version 16
VisualStudioVersion = 16.0.31105.61
MinimumVisualStudioVersion = 10.0.40219.1
Project("{FAE04EC0-301F-11D3-BF4B-00C04F79EFBC}") = "Param", "Param\Param.csproj", "{0C2362D9-8D69-4DA1-BA13-3BE598FF444F}"
EndProject
Global
	GlobalSection(SolutionConfigurationPlatforms) = preSolution
		Debug|Any CPU = Debug|Any CPU
		Release|Any CPU = Release|Any CPU
	EndGlobalSection
	GlobalSection(ProjectConfigurationPlatforms) = postSolution
		{0C2362D9-8D69-4DA1-BA13-3BE598FF444F}.Debug|Any CPU.ActiveCfg = Debug|Any CPU
		{0C2362D9-8D69-4DA1-BA13-3BE598FF444F}.Debug|Any CPU.Build.0 = Debug|Any CPU
		{0C2362D9-8D69-4DA1-BA13-3BE598FF444F}.Release|Any CPU.ActiveCfg = Release|Any CPU
		{0C2362D9-8D69-4DA1-BA13-3BE598FF444F}.Release|Any CPU.Build.0 = Release|Any CPU
	EndGlobalSection
	GlobalSection(SolutionProperties) = preSolution
		HideSolutionNode = FALSE
	EndGlobalSection
	GlobalSection(ExtensibilityGlobals) = postSolution
		SolutionGuid = {C06B824B-8BE7-40F4-9E7F-93E21A76F989}
	EndGlobalSection
EndGlobal
